version = 1
revision = 3
requires-python = ">=3.11"
resolution-markers = [
    "python_full_version >= '3.12'",
    "python_full_version < '3.12'",
]

[[package]]
name = "asgiref"
version = "3.11.0"
source = { registry = "https://pypi.org/simple" }
sdist = { url = "https://files.pythonhosted.org/packages/76/b9/4db2509eabd14b4a8c71d1b24c8d5734c52b8560a7b1e1a8b56c8d25568b/asgiref-3.11.0.tar.gz", hash = "sha256:13acff32519542a1736223fb79a715acdebe24286d98e8b164a73085f40da2c4", size = 37969, upload-time = "2025-11-19T15:32:20.106Z" }
wheels = [
    { url = "https://files.pythonhosted.org/packages/91/be/317c2c55b8bbec407257d45f5c8d1b6867abc76d12043f2d3d58c538a4ea/asgiref-3.11.0-py3-none-any.whl", hash = "sha256:1db9021efadb0d9512ce8ffaf72fcef601c7b73a8807a1bb2ef143dc6b14846d", size = 24096, upload-time = "2025-11-19T15:32:19.004Z" },
]

[[package]]
name = "django"
version = "3.1.12"
source = { registry = "https://pypi.org/simple" }
dependencies = [
    { name = "asgiref" },
    { name = "pytz" },
    { name = "sqlparse" },
]
sdist = { url = "https://files.pythonhosted.org/packages/4f/10/89d18af7fe301f3fc18e3553d1c6b9b99d1c88d46c65fdd44aaae66c91c5/Django-3.1.12.tar.gz", hash = "sha256:dc41bf07357f1f4810c1c555b685cb51f780b41e37892d6cc92b89789f2847e1", size = 9676259, upload-time = "2021-06-02T08:54:32.877Z" }
wheels = [
    { url = "https://files.pythonhosted.org/packages/4e/34/4fe787d20c5997a5ee246903791fd8ec2c4672f37ee7cbed1d75f7cf4065/Django-3.1.12-py3-none-any.whl", hash = "sha256:a523d62b7ab2908f551dabc32b99017a86aa7784e32b761708e52be3dce6d35d", size = 7835286, upload-time = "2021-06-02T08:53:50.036Z" },
]

[[package]]
name = "django-cors-headers"
version = "3.11.0"
source = { registry = "https://pypi.org/simple" }
dependencies = [
    { name = "django" },
]
sdist = { url = "https://files.pythonhosted.org/packages/3e/39/0058ff0bd2cb7aacfa00e660ddaf18fe4de7d2d8be9535857016d39ec201/django-cors-headers-3.11.0.tar.gz", hash = "sha256:eb98389bf7a2afc5d374806af4a9149697e3a6955b5a2dc2bf049f7d33647456", size = 20730, upload-time = "2022-01-10T16:52:24.753Z" }
wheels = [
    { url = "https://files.pythonhosted.org/packages/5a/8d/678814a8ffa62650ee8c4e8a0d8704f43462473c2e7577187d4de961afe4/django_cors_headers-3.11.0-py3-none-any.whl", hash = "sha256:a22be2befd4069c4fc174f11cf067351df5c061a3a5f94a01650b4e928b0372b", size = 12952, upload-time = "2022-01-10T16:52:23.244Z" },
]

[[package]]
name = "djangorestframework"
version = "3.15.1"
source = { registry = "https://pypi.org/simple" }
dependencies = [
    { name = "django" },
]
sdist = { url = "https://files.pythonhosted.org/packages/ec/60/cc2dd985400293fe7bf3fa1b9a5d61f5b44200c33f7d31952f2c9fd79e8a/djangorestframework-3.15.1.tar.gz", hash = "sha256:f88fad74183dfc7144b2756d0d2ac716ea5b4c7c9840995ac3bfd8ec034333c1", size = 1066194, upload-time = "2024-03-22T15:50:51.875Z" }
wheels = [
    { url = "https://files.pythonhosted.org/packages/c0/7e/8c45ea7f85dd5d52ceddbacc6f56ecaca21ecbfc0e8c34c95618a14d5082/djangorestframework-3.15.1-py3-none-any.whl", hash = "sha256:3ccc0475bce968608cf30d07fb17d8e52d1d7fc8bfe779c905463200750cbca6", size = 1067096, upload-time = "2024-03-22T15:50:48.759Z" },
]

[[package]]
name = "djangorestframework-simplejwt"
version = "5.2.2"
source = { registry = "https://pypi.org/simple" }
dependencies = [
    { name = "django" },
    { name = "djangorestframework" },
    { name = "pyjwt" },
]
sdist = { url = "https://files.pythonhosted.org/packages/13/f9/2de663009b139fa29d5344f7c0d431e70fc7e0732ab1c31e8abfe84634b2/djangorestframework_simplejwt-5.2.2.tar.gz", hash = "sha256:d27d4bcac2c6394f678dea8b4d0d511c6e18a7f2eb8aaeeb8a7de601aeb77c42", size = 86391, upload-time = "2022-10-20T16:58:24.254Z" }
wheels = [
    { url = "https://files.pythonhosted.org/packages/26/a5/946ae7153f4a3c68d6dee2450617534f2a8843cb53814feede32c735c560/djangorestframework_simplejwt-5.2.2-py3-none-any.whl", hash = "sha256:4c0d2e2513e12587d93501ac091781684a216c3ee614eb3b5a10586aef5ca845", size = 85403, upload-time = "2022-10-20T16:58:54.009Z" },
]

[[package]]
name = "djongo"
version = "1.3.7"
source = { registry = "https://pypi.org/simple" }
dependencies = [
    { name = "django" },
    { name = "pymongo" },
    { name = "pytz" },
    { name = "sqlparse" },
]
sdist = { url = "https://files.pythonhosted.org/packages/96/c6/5f18c9381e4f416672a610bf8c1f23cdbe53bf8e18d0397d373256aa55d2/djongo-1.3.7.tar.gz", hash = "sha256:347f5a310c8111a3e4a540294533c7a975e5a9e1766ef63b62bf044c9d64bab6", size = 33019, upload-time = "2024-11-12T13:48:57.296Z" }
wheels = [
    { url = "https://files.pythonhosted.org/packages/98/3c/e303f6d97766f8a21b080a6527ed4039a35737dfb3df87667811813abf31/djongo-1.3.7-py3-none-any.whl", hash = "sha256:710169b90fbfc4109a265d5236015b24507704089e96a8c0fb7d2ee05a8fc0ce", size = 39135, upload-time = "2024-11-12T13:48:55.482Z" },
]

[[package]]
name = "dnspython"
version = "1.16.0"
source = { registry = "https://pypi.org/simple" }
sdist = { url = "https://files.pythonhosted.org/packages/ec/c5/14bcd63cb6d06092a004793399ec395405edf97c2301dfdc146dfbd5beed/dnspython-1.16.0.zip", hash = "sha256:36c5e8e38d4369a08b6780b7f27d790a292b2b08eea01607865bf0936c558e01", size = 266364, upload-time = "2018-12-08T19:54:12.883Z" }
wheels = [
    { url = "https://files.pythonhosted.org/packages/ec/d3/3aa0e7213ef72b8585747aa0e271a9523e713813b9a20177ebe1e939deb0/dnspython-1.16.0-py2.py3-none-any.whl", hash = "sha256:f69c21288a962f4da86e56c4905b49d11aba7938d3d740e80d9e366ee4f1632d", size = 188353, upload-time = "2018-12-08T19:52:32.154Z" },
]

[[package]]
name = "dotenv"
version = "0.9.9"
source = { registry = "https://pypi.org/simple" }
dependencies = [
    { name = "python-dotenv" },
]
wheels = [
    { url = "https://files.pythonhosted.org/packages/b2/b7/545d2c10c1fc15e48653c91efde329a790f2eecfbbf2bd16003b5db2bab0/dotenv-0.9.9-py2.py3-none-any.whl", hash = "sha256:29cf74a087b31dafdb5a446b6d7e11cbce8ed2741540e2339c69fbef92c94ce9", size = 1892, upload-time = "2025-02-19T22:15:01.647Z" },
]

[[package]]
name = "jobmeet2"
version = "0.1.0"
source = { virtual = "." }
dependencies = [
    { name = "django" },
    { name = "django-cors-headers" },
    { name = "djangorestframework" },
    { name = "djangorestframework-simplejwt" },
    { name = "djongo" },
    { name = "dotenv" },
    { name = "pymongo", extra = ["srv"] },
]

[package.metadata]
requires-dist = [
    { name = "django", specifier = ">=3.1.12" },
    { name = "django-cors-headers", specifier = ">=3.11.0" },
    { name = "djangorestframework", specifier = ">=3.15.1" },
    { name = "djangorestframework-simplejwt", specifier = ">=5.2.2" },
    { name = "djongo", specifier = ">=1.3.7" },
    { name = "dotenv", specifier = ">=0.9.9" },
    { name = "pymongo", extras = ["srv"], specifier = ">=3.11.4" },
]

[[package]]
name = "pyjwt"
version = "2.10.1"
source = { registry = "https://pypi.org/simple" }
sdist = { url = "https://files.pythonhosted.org/packages/e7/46/bd74733ff231675599650d3e47f361794b22ef3e3770998dda30d3b63726/pyjwt-2.10.1.tar.gz", hash = "sha256:3cc5772eb20009233caf06e9d8a0577824723b44e6648ee0a2aedb6cf9381953", size = 87785, upload-time = "2024-11-28T03:43:29.933Z" }
wheels = [
    { url = "https://files.pythonhosted.org/packages/61/ad/689f02752eeec26aed679477e80e632ef1b682313be70793d798c1d5fc8f/PyJWT-2.10.1-py3-none-any.whl", hash = "sha256:dcdd193e30abefd5debf142f9adfcdd2b58004e644f25406ffaebd50bd98dacb", size = 22997, upload-time = "2024-11-28T03:43:27.893Z" },
]

[[package]]
name = "pymongo"
version = "3.11.4"
source = { registry = "https://pypi.org/simple" }
sdist = { url = "https://files.pythonhosted.org/packages/c4/2f/79e933655adcf6dbd00738b556cecae5f8ec709301ac10df6f488d83bb53/pymongo-3.11.4.tar.gz", hash = "sha256:539d4cb1b16b57026999c53e5aab857fe706e70ae5310cc8c232479923f932e6", size = 783122, upload-time = "2021-05-04T22:27:20.918Z" }

[package.optional-dependencies]
srv = [
    { name = "dnspython" },
]

[[package]]
name = "python-dotenv"
version = "1.2.1"
source = { registry = "https://pypi.org/simple" }
sdist = { url = "https://files.pythonhosted.org/packages/f0/26/19cadc79a718c5edbec86fd4919a6b6d3f681039a2f6d66d14be94e75fb9/python_dotenv-1.2.1.tar.gz", hash = "sha256:42667e897e16ab0d66954af0e60a9caa94f0fd4ecf3aaf6d2d260eec1aa36ad6", size = 44221, upload-time = "2025-10-26T15:12:10.434Z" }
wheels = [
    { url = "https://files.pythonhosted.org/packages/14/1b/a298b06749107c305e1fe0f814c6c74aea7b2f1e10989cb30f544a1b3253/python_dotenv-1.2.1-py3-none-any.whl", hash = "sha256:b81ee9561e9ca4004139c6cbba3a238c32b03e4894671e181b671e8cb8425d61", size = 21230, upload-time = "2025-10-26T15:12:09.109Z" },
]

[[package]]
name = "pytz"
version = "2025.2"
source = { registry = "https://pypi.org/simple" }
sdist = { url = "https://files.pythonhosted.org/packages/f8/bf/abbd3cdfb8fbc7fb3d4d38d320f2441b1e7cbe29be4f23797b4a2b5d8aac/pytz-2025.2.tar.gz", hash = "sha256:360b9e3dbb49a209c21ad61809c7fb453643e048b38924c765813546746e81c3", size = 320884, upload-time = "2025-03-25T02:25:00.538Z" }
wheels = [
    { url = "https://files.pythonhosted.org/packages/81/c4/34e93fe5f5429d7570ec1fa436f1986fb1f00c3e0f43a589fe2bbcd22c3f/pytz-2025.2-py2.py3-none-any.whl", hash = "sha256:5ddf76296dd8c44c26eb8f4b6f35488f3ccbf6fbbd7adee0b7262d43f0ec2f00", size = 509225, upload-time = "2025-03-25T02:24:58.468Z" },
]

[[package]]
name = "sqlparse"
version = "0.2.4"
source = { registry = "https://pypi.org/simple" }
sdist = { url = "https://files.pythonhosted.org/packages/79/3c/2ad76ba49f9e3d88d2b58e135b7821d93741856d1fe49970171f73529303/sqlparse-0.2.4.tar.gz", hash = "sha256:ce028444cfab83be538752a2ffdb56bc417b7784ff35bb9a3062413717807dec", size = 61614, upload-time = "2017-09-27T07:09:37.934Z" }
wheels = [
    { url = "https://files.pythonhosted.org/packages/65/85/20bdd72f4537cf2c4d5d005368d502b2f464ede22982e724a82c86268eda/sqlparse-0.2.4-py2.py3-none-any.whl", hash = "sha256:d9cf190f51cbb26da0412247dfe4fb5f4098edb73db84e02f9fc21fdca31fed4", size = 38655, upload-time = "2017-09-27T07:09:49.928Z" },
]
